{
  "name": "bluetoothserialport",
  "version": "1.0.0",
  "lockfileVersion": 2,
  "requires": true,
  "packages": {
    "": {
      "name": "bluetoothserialport",
      "version": "1.0.0",
      "license": "ISC",
      "dependencies": {
        "@vant/weapp": "^1.10.15",
        "apifm-wxapi": "^23.11.3"
      }
    },
    "node_modules/@vant/weapp": {
      "version": "1.10.15",
      "resolved": "https://registry.npmjs.org/@vant/weapp/-/weapp-1.10.15.tgz",
      "integrity": "sha512-swM4k3pVwt/6Tnijvq86paLiKE1CzbrBQ4lR7+9uRhwKOM0HS3ooK1Q4IjSEyxQ59ZFKmYYvZln77RZcnSDqmA=="
    },
    "node_modules/apifm-wxapi": {
      "version": "23.11.3",
      "resolved": "https://registry.npmmirror.com/apifm-wxapi/-/apifm-wxapi-23.11.3.tgz",
      "integrity": "sha512-3Aj1wpAYBR2ooS9oKnz6TewWZYgvzhkZliJCCyPkCSHOS+gg43f3f7e3bgi/O+PYsd8Hko/70+64JSPUMi1TUw=="
    }
  },
  "dependencies": {
    "@vant/weapp": {
      "version": "1.10.15",
      "resolved": "https://registry.npmjs.org/@vant/weapp/-/weapp-1.10.15.tgz",
      "integrity": "sha512-swM4k3pVwt/6Tnijvq86paLiKE1CzbrBQ4lR7+9uRhwKOM0HS3ooK1Q4IjSEyxQ59ZFKmYYvZln77RZcnSDqmA=="
    },
    "apifm-wxapi": {
      "version": "23.11.3",
      "resolved": "https://registry.npmmirror.com/apifm-wxapi/-/apifm-wxapi-23.11.3.tgz",
      "integrity": "sha512-3Aj1wpAYBR2ooS9oKnz6TewWZYgvzhkZliJCCyPkCSHOS+gg43f3f7e3bgi/O+PYsd8Hko/70+64JSPUMi1TUw=="
    }
  }
}
